// !$*UTF8*$!
{
	archiveVersion = 1;
	classes = {
	};
	objectVersion = 46;
	objects = {

/* Begin PBXBuildFile section */
		226901611AAFABB30013753B /* main.m in Sources */ = {isa = PBXBuildFile; fileRef = 226901601AAFABB30013753B /* main.m */; };
		226901641AAFABB30013753B /* AppDelegate.m in Sources */ = {isa = PBXBuildFile; fileRef = 226901631AAFABB30013753B /* AppDelegate.m */; };
		226901671AAFABB30013753B /* ViewController.m in Sources */ = {isa = PBXBuildFile; fileRef = 226901661AAFABB30013753B /* ViewController.m */; };
		2269016A1AAFABB30013753B /* Main.storyboard in Resources */ = {isa = PBXBuildFile; fileRef = 226901681AAFABB30013753B /* Main.storyboard */; };
		2269016C1AAFABB30013753B /* Images.xcassets in Resources */ = {isa = PBXBuildFile; fileRef = 2269016B1AAFABB30013753B /* Images.xcassets */; };
		2269016F1AAFABB30013753B /* LaunchScreen.xib in Resources */ = {isa = PBXBuildFile; fileRef = 2269016D1AAFABB30013753B /* LaunchScreen.xib */; };
		2269017B1AAFABB30013753B /* Age_of_LaikaTests.m in Sources */ = {isa = PBXBuildFile; fileRef = 2269017A1AAFABB30013753B /* Age_of_LaikaTests.m */; };
		226901851AAFB3430013753B /* Laika.jpg in Resources */ = {isa = PBXBuildFile; fileRef = 226901841AAFB3430013753B /* Laika.jpg */; };
/* End PBXBuildFile section */

/* Begin PBXContainerItemProxy section */
		226901751AAFABB30013753B /* PBXContainerItemProxy */ = {
			isa = PBXContainerItemProxy;
			containerPortal = 226901531AAFABB30013753B /* Project object */;
			proxyType = 1;
			remoteGlobalIDString = 2269015A1AAFABB30013753B;
			remoteInfo = "Age of Laika";
		};
/* End PBXContainerItemProxy section */

/* Begin PBXFileReference section */
		2269015B1AAFABB30013753B /* Age of Laika.app */ = {isa = PBXFileReference; explicitFileType = wrapper.application; includeInIndex = 0; path = "Age of Laika.app"; sourceTree = BUILT_PRODUCTS_DIR; };
		2269015F1AAFABB30013753B /* Info.plist */ = {isa = PBXFileReference; lastKnownFileType = text.plist.xml; path = Info.plist; sourceTree = "<group>"; };
		226901601AAFABB30013753B /* main.m */ = {isa = PBXFileReference; lastKnownFileType = sourcecode.c.objc; path = main.m; sourceTree = "<group>"; };
		226901621AAFABB30013753B /* AppDelegate.h */ = {isa = PBXFileReference; lastKnownFileType = sourcecode.c.h; path = AppDelegate.h; sourceTree = "<group>"; };
		226901631AAFABB30013753B /* AppDelegate.m */ = {isa = PBXFileReference; lastKnownFileType = sourcecode.c.objc; path = AppDelegate.m; sourceTree = "<group>"; };
		226901651AAFABB30013753B /* ViewController.h */ = {isa = PBXFileReference; lastKnownFileType = sourcecode.c.h; path = ViewController.h; sourceTree = "<group>"; };
		226901661AAFABB30013753B /* ViewController.m */ = {isa = PBXFileReference; lastKnownFileType = sourcecode.c.objc; path = ViewController.m; sourceTree = "<group>"; };
		226901691AAFABB30013753B /* Base */ = {isa = PBXFileReference; lastKnownFileType = file.storyboard; name = Base; path = Base.lproj/Main.storyboard; sourceTree = "<group>"; };
		2269016B1AAFABB30013753B /* Images.xcassets */ = {isa = PBXFileReference; lastKnownFileType = folder.assetcatalog; path = Images.xcassets; sourceTree = "<group>"; };
		2269016E1AAFABB30013753B /* Base */ = {isa = PBXFileReference; lastKnownFileType = file.xib; name = Base; path = Base.lproj/LaunchScreen.xib; sourceTree = "<group>"; };
		226901741AAFABB30013753B /* Age of LaikaTests.xctest */ = {isa = PBXFileReference; explicitFileType = wrapper.cfbundle; includeInIndex = 0; path = "Age of LaikaTests.xctest"; sourceTree = BUILT_PRODUCTS_DIR; };
		226901791AAFABB30013753B /* Info.plist */ = {isa = PBXFileReference; lastKnownFileType = text.plist.xml; path = Info.plist; sourceTree = "<group>"; };
		2269017A1AAFABB30013753B /* Age_of_LaikaTests.m */ = {isa = PBXFileReference; lastKnownFileType = sourcecode.c.objc; path = Age_of_LaikaTests.m; sourceTree = "<group>"; };
		226901841AAFB3430013753B /* Laika.jpg */ = {isa = PBXFileReference; lastKnownFileType = image.jpeg; path = Laika.jpg; sourceTree = "<group>"; };
/* End PBXFileReference section */

/* Begin PBXFrameworksBuildPhase section */
		226901581AAFABB30013753B /* Frameworks */ = {
			isa = PBXFrameworksBuildPhase;
			buildActionMask = 2147483647;
			files = (
			);
			runOnlyForDeploymentPostprocessing = 0;
		};
		226901711AAFABB30013753B /* Frameworks */ = {
			isa = PBXFrameworksBuildPhase;
			buildActionMask = 2147483647;
			files = (
			);
			runOnlyForDeploymentPostprocessing = 0;
		};
/* End PBXFrameworksBuildPhase section */

/* Begin PBXGroup section */
		226901521AAFABB30013753B = {
			isa = PBXGroup;
			children = (
				2269015D1AAFABB30013753B /* Age of Laika */,
				226901771AAFABB30013753B /* Age of LaikaTests */,
				2269015C1AAFABB30013753B /* Products */,
			);
			sourceTree = "<group>";
		};
		2269015C1AAFABB30013753B /* Products */ = {
			isa = PBXGroup;
			children = (
				2269015B1AAFABB30013753B /* Age of Laika.app */,
				226901741AAFABB30013753B /* Age of LaikaTests.xctest */,
			);
			name = Products;
			sourceTree = "<group>";
		};
		2269015D1AAFABB30013753B /* Age of Laika */ = {
			isa = PBXGroup;
			children = (
				226901621AAFABB30013753B /* AppDelegate.h */,
				226901631AAFABB30013753B /* AppDelegate.m */,
				226901651AAFABB30013753B /* ViewController.h */,
				226901661AAFABB30013753B /* ViewController.m */,
				226901681AAFABB30013753B /* Main.storyboard */,
				2269016B1AAFABB30013753B /* Images.xcassets */,
				2269016D1AAFABB30013753B /* LaunchScreen.xib */,
				2269015E1AAFABB30013753B /* Supporting Files */,
			);
			path = "Age of Laika";
			sourceTree = "<group>";
		};
		2269015E1AAFABB30013753B /* Supporting Files */ = {
			isa = PBXGroup;
			children = (
				226901841AAFB3430013753B /* Laika.jpg */,
				2269015F1AAFABB30013753B /* Info.plist */,
				226901601AAFABB30013753B /* main.m */,
			);
			name = "Supporting Files";
			sourceTree = "<group>";
		};
		226901771AAFABB30013753B /* Age of LaikaTests */ = {
			isa = PBXGroup;
			children = (
				2269017A1AAFABB30013753B /* Age_of_LaikaTests.m */,
				226901781AAFABB30013753B /* Supporting Files */,
			);
			path = "Age of LaikaTests";
			sourceTree = "<group>";
		};
		226901781AAFABB30013753B /* Supporting Files */ = {
			isa = PBXGroup;
			children = (
				226901791AAFABB30013753B /* Info.plist */,
			);
			name = "Supporting Files";
			sourceTree = "<group>";
		};
/* End PBXGroup section */

/* Begin PBXNativeTarget section */
		2269015A1AAFABB30013753B /* Age of Laika */ = {
			isa = PBXNativeTarget;
			buildConfigurationList = 2269017E1AAFABB30013753B /* Build configuration list for PBXNativeTarget "Age of Laika" */;
			buildPhases = (
				226901571AAFABB30013753B /* Sources */,
				226901581AAFABB30013753B /* Frameworks */,
				226901591AAFABB30013753B /* Resources */,
			);
			buildRules = (
			);
			dependencies = (
			);
			name = "Age of Laika";
			productName = "Age of Laika";
			productReference = 2269015B1AAFABB30013753B /* Age of Laika.app */;
			productType = "com.apple.product-type.application";
		};
		226901731AAFABB30013753B /* Age of LaikaTests */ = {
			isa = PBXNativeTarget;
			buildConfigurationList = 226901811AAFABB30013753B /* Build configuration list for PBXNativeTarget "Age of LaikaTests" */;
			buildPhases = (
				226901701AAFABB30013753B /* Sources */,
				226901711AAFABB30013753B /* Frameworks */,
				226901721AAFABB30013753B /* Resources */,
			);
			buildRules = (
			);
			dependencies = (
				226901761AAFABB30013753B /* PBXTargetDependency */,
			);
			name = "Age of LaikaTests";
			productName = "Age of LaikaTests";
			productReference = 226901741AAFABB30013753B /* Age of LaikaTests.xctest */;
			productType = "com.apple.product-type.bundle.unit-test";
		};
/* End PBXNativeTarget section */

/* Begin PBXProject section */
		226901531AAFABB30013753B /* Project object */ = {
			isa = PBXProject;
			attributes = {
				LastUpgradeCheck = 0610;
				ORGANIZATIONNAME = Tim;
				TargetAttributes = {
					2269015A1AAFABB30013753B = {
						CreatedOnToolsVersion = 6.1.1;
					};
					226901731AAFABB30013753B = {
						CreatedOnToolsVersion = 6.1.1;
						TestTargetID = 2269015A1AAFABB30013753B;
					};
				};
			};
			buildConfigurationList = 226901561AAFABB30013753B /* Build configuration list for PBXProject "Age of Laika" */;
			compatibilityVersion = "Xcode 3.2";
			developmentRegion = English;
			hasScannedForEncodings = 0;
			knownRegions = (
				en,
				Base,
			);
			mainGroup = 226901521AAFABB30013753B;
			productRefGroup = 2269015C1AAFABB30013753B /* Products */;
			projectDirPath = "";
			projectRoot = "";
			targets = (
				2269015A1AAFABB30013753B /* Age of Laika */,
				226901731AAFABB30013753B /* Age of LaikaTests */,
			);
		};
/* End PBXProject section */

/* Begin PBXResourcesBuildPhase section */
		226901591AAFABB30013753B /* Resources */ = {
			isa = PBXResourcesBuildPhase;
			buildActionMask = 2147483647;
			files = (
				2269016A1AAFABB30013753B /* Main.storyboard in Resources */,
				2269016F1AAFABB30013753B /* LaunchScreen.xib in Resources */,
				226901851AAFB3430013753B /* Laika.jpg in Resources */,
				2269016C1AAFABB30013753B /* Images.xcassets in Resources */,
			);
			runOnlyForDeploymentPostprocessing = 0;
		};
		226901721AAFABB30013753B /* Resources */ = {
			isa = PBXResourcesBuildPhase;
			buildActionMask = 2147483647;
			files = (
			);
			runOnlyForDeploymentPostprocessing = 0;
		};
/* End PBXResourcesBuildPhase section */

/* Begin PBXSourcesBuildPhase section */
		226901571AAFABB30013753B /* Sources */ = {
			isa = PBXSourcesBuildPhase;
			buildActionMask = 2147483647;
			files = (
				226901671AAFABB30013753B /* ViewController.m in Sources */,
				226901641AAFABB30013753B /* AppDelegate.m in Sources */,
				226901611AAFABB30013753B /* main.m in Sources */,
			);
			runOnlyForDeploymentPostprocessing = 0;
		};
		226901701AAFABB30013753B /* Sources */ = {
			isa = PBXSourcesBuildPhase;
			buildActionMask = 2147483647;
			files = (
				2269017B1AAFABB30013753B /* Age_of_LaikaTests.m in Sources */,
			);
			runOnlyForDeploymentPostprocessing = 0;
		};
/* End PBXSourcesBuildPhase section */

/* Begin PBXTargetDependency section */
		226901761AAFABB30013753B /* PBXTargetDependency */ = {
			isa = PBXTargetDependency;
			target = 2269015A1AAFABB30013753B /* Age of Laika */;
			targetProxy = 226901751AAFABB30013753B /* PBXContainerItemProxy */;
		};
/* End PBXTargetDependency section */

/* Begin PBXVariantGroup section */
		226901681AAFABB30013753B /* Main.storyboard */ = {
			isa = PBXVariantGroup;
			children = (
				226901691AAFABB30013753B /* Base */,
			);
			name = Main.storyboard;
			sourceTree = "<group>";
		};
		2269016D1AAFABB30013753B /* LaunchScreen.xib */ = {
			isa = PBXVariantGroup;
			children = (
				2269016E1AAFABB30013753B /* Base */,
			);
			name = LaunchScreen.xib;
			sourceTree = "<group>";
		};
/* End PBXVariantGroup section */

/* Begin XCBuildConfiguration section */
		2269017C1AAFABB30013753B /* Debug */ = {
			isa = XCBuildConfiguration;
			buildSettings = {
				ALWAYS_SEARCH_USER_PATHS = NO;
				CLANG_CXX_LANGUAGE_STANDARD = "gnu++0x";
				CLANG_CXX_LIBRARY = "libc++";
				CLANG_ENABLE_MODULES = YES;
				CLANG_ENABLE_OBJC_ARC = YES;
				CLANG_WARN_BOOL_CONVERSION = YES;
				CLANG_WARN_CONSTANT_CONVERSION = YES;
				CLANG_WARN_DIRECT_OBJC_ISA_USAGE = YES_ERROR;
				CLANG_WARN_EMPTY_BODY = YES;
				CLANG_WARN_ENUM_CONVERSION = YES;
				CLANG_WARN_INT_CONVERSION = YES;
				CLANG_WARN_OBJC_ROOT_CLASS = YES_ERROR;
				CLANG_WARN_UNREACHABLE_CODE = YES;
				CLANG_WARN__DUPLICATE_METHOD_MATCH = YES;
				"CODE_SIGN_IDENTITY[sdk=iphoneos*]" = "iPhone Developer";
				COPY_PHASE_STRIP = NO;
				ENABLE_STRICT_OBJC_MSGSEND = YES;
				GCC_C_LANGUAGE_STANDARD = gnu99;
				GCC_DYNAMIC_NO_PIC = NO;
				GCC_OPTIMIZATION_LEVEL = 0;
				GCC_PREPROCESSOR_DEFINITIONS = (
					"DEBUG=1",
					"$(inherited)",
				);
				GCC_SYMBOLS_PRIVATE_EXTERN = NO;
				GCC_WARN_64_TO_32_BIT_CONVERSION = YES;
				GCC_WARN_ABOUT_RETURN_TYPE = YES_ERROR;
				GCC_WARN_UNDECLARED_SELECTOR = YES;
				GCC_WARN_UNINITIALIZED_AUTOS = YES_AGGRESSIVE;
				GCC_WARN_UNUSED_FUNCTION = YES;
				GCC_WARN_UNUSED_VARIABLE = YES;
				IPHONEOS_DEPLOYMENT_TARGET = 8.1;
				MTL_ENABLE_DEBUG_INFO = YES;
				ONLY_ACTIVE_ARCH = YES;
				SDKROOT = iphoneos;
			};
			name = Debug;
		};
		2269017D1AAFABB30013753B /* Release */ = {
			isa = XCBuildConfiguration;
			buildSettings = {
				ALWAYS_SEARCH_USER_PATHS = NO;
				CLANG_CXX_LANGUAGE_STANDARD = "gnu++0x";
				CLANG_CXX_LIBRARY = "libc++";
				CLANG_ENABLE_MODULES = YES;
				CLANG_ENABLE_OBJC_ARC = YES;
				CLANG_WARN_BOOL_CONVERSION = YES;
				CLANG_WARN_CONSTANT_CONVERSION = YES;
				CLANG_WARN_DIRECT_OBJC_ISA_USAGE = YES_ERROR;
				CLANG_WARN_EMPTY_BODY = YES;
				CLANG_WARN_ENUM_CONVERSION = YES;
				CLANG_WARN_INT_CONVERSION = YES;
				CLANG_WARN_OBJC_ROOT_CLASS = YES_ERROR;
				CLANG_WARN_UNREACHABLE_CODE = YES;
				CLANG_WARN__DUPLICATE_METHOD_MATCH = YES;
				"CODE_SIGN_IDENTITY[sdk=iphoneos*]" = "iPhone Developer";
				COPY_PHASE_STRIP = YES;
				ENABLE_NS_ASSERTIONS = NO;
				ENABLE_STRICT_OBJC_MSGSEND = YES;
				GCC_C_LANGUAGE_STANDARD = gnu99;
				GCC_WARN_64_TO_32_BIT_CONVERSION = YES;
				GCC_WARN_ABOUT_RETURN_TYPE = YES_ERROR;
				GCC_WARN_UNDECLARED_SELECTOR = YES;
				GCC_WARN_UNINITIALIZED_AUTOS = YES_AGGRESSIVE;
				GCC_WARN_UNUSED_FUNCTION = YES;
				GCC_WARN_UNUSED_VARIABLE = YES;
				IPHONEOS_DEPLOYMENT_TARGET = 8.1;
				MTL_ENABLE_DEBUG_INFO = NO;
				SDKROOT = iphoneos;
				VALIDATE_PRODUCT = YES;
			};
			name = Release;
		};
		2269017F1AAFABB30013753B /* Debug */ = {
			isa = XCBuildConfiguration;
			buildSettings = {
				ASSETCATALOG_COMPILER_APPICON_NAME = AppIcon;
				INFOPLIST_FILE = "Age of Laika/Info.plist";
				LD_RUNPATH_SEARCH_PATHS = "$(inherited) @executable_path/Frameworks";
				PRODUCT_NAME = "$(TARGET_NAME)";
			};
			name = Debug;
		};
		226901801AAFABB30013753B /* Release */ = {
			isa = XCBuildConfiguration;
			buildSettings = {
				ASSETCATALOG_COMPILER_APPICON_NAME = AppIcon;
				INFOPLIST_FILE = "Age of Laika/Info.plist";
				LD_RUNPATH_SEARCH_PATHS = "$(inherited) @executable_path/Frameworks";
				PRODUCT_NAME = "$(TARGET_NAME)";
			};
			name = Release;
		};
		226901821AAFABB30013753B /* Debug */ = {
			isa = XCBuildConfiguration;
			buildSettings = {
				BUNDLE_LOADER = "$(TEST_HOST)";
				FRAMEWORK_SEARCH_PATHS = (
					"$(SDKROOT)/Developer/Library/Frameworks",
					"$(inherited)",
				);
				GCC_PREPROCESSOR_DEFINITIONS = (
					"DEBUG=1",
					"$(inherited)",
				);
				INFOPLIST_FILE = "Age of LaikaTests/Info.plist";
				LD_RUNPATH_SEARCH_PATHS = "$(inherited) @executable_path/Frameworks @loader_path/Frameworks";
				PRODUCT_NAME = "$(TARGET_NAME)";
				TEST_HOST = "$(BUILT_PRODUCTS_DIR)/Age of Laika.app/Age of Laika";
			};
			name = Debug;
		};
		226901831AAFABB30013753B /* Release */ = {
			isa = XCBuildConfiguration;
			buildSettings = {
				BUNDLE_LOADER = "$(TEST_HOST)";
				FRAMEWORK_SEARCH_PATHS = (
					"$(SDKROOT)/Developer/Library/Frameworks",
					"$(inherited)",
				);
				INFOPLIST_FILE = "Age of LaikaTests/Info.plist";
				LD_RUNPATH_SEARCH_PATHS = "$(inherited) @executable_path/Frameworks @loader_path/Frameworks";
				PRODUCT_NAME = "$(TARGET_NAME)";
				TEST_HOST = "$(BUILT_PRODUCTS_DIR)/Age of Laika.app/Age of Laika";
			};
			name = Release;
		};
/* End XCBuildConfiguration section */

/* Begin XCConfigurationList section */
		226901561AAFABB30013753B /* Build configuration list for PBXProject "Age of Laika" */ = {
			isa = XCConfigurationList;
			buildConfigurations = (
				2269017C1AAFABB30013753B /* Debug */,
				2269017D1AAFABB30013753B /* Release */,
			);
			defaultConfigurationIsVisible = 0;
			defaultConfigurationName = Release;
		};
		2269017E1AAFABB30013753B /* Build configuration list for PBXNativeTarget "Age of Laika" */ = {
			isa = XCConfigurationList;
			buildConfigurations = (
				2269017F1AAFABB30013753B /* Debug */,
				226901801AAFABB30013753B /* Release */,
			);
			defaultConfigurationIsVisible = 0;
		};
		226901811AAFABB30013753B /* Build configuration list for PBXNativeTarget "Age of LaikaTests" */ = {
			isa = XCConfigurationList;
			buildConfigurations = (
				226901821AAFABB30013753B /* Debug */,
				226901831AAFABB30013753B /* Release */,
			);
			defaultConfigurationIsVisible = 0;
		};
/* End XCConfigurationList section */
	};
	rootObject = 226901531AAFABB30013753B /* Project object */;
}
